
Microsoft Visual Studio Solution File, Format Version 12.00
# Visual Studio 2012
Project("{FAE04EC0-301F-11D3-BF4B-00C04F79EFBC}") = "AsyncActionSample", "AsyncActionSample\AsyncActionSample.csproj", "{06E0D104-4721-48B3-B20C-68870B57D12A}"
EndProject
Project("{FAE04EC0-301F-11D3-BF4B-00C04F79EFBC}") = "SimpleEnhancerSample", "SimpleEnhancerSample\SimpleEnhancerSample.csproj", "{2712A0C5-6FD5-4BB4-8EF1-54DDD83B4D95}"
EndProject
Project("{2150E333-8FDC-42A3-9474-1A3956D46DE8}") = "core", "core", "{97138923-6E16-48AD-81D6-6F2AE3B13833}"
EndProject
Project("{FAE04EC0-301F-11D3-BF4B-00C04F79EFBC}") = "YAXL.Redux", "..\src\YAXL.Redux\YAXL.Redux.csproj", "{9798BB2F-C023-4466-9FC3-DB1AE41E09E1}"
EndProject
Project("{FAE04EC0-301F-11D3-BF4B-00C04F79EFBC}") = "SimpleStoreSample", "SimpleStoreSample\SimpleStoreSample.csproj", "{19A520B5-C628-45BF-90C4-103DA1EA2D93}"
EndProject
Project("{FAE04EC0-301F-11D3-BF4B-00C04F79EFBC}") = "SmartActionsSample", "SmartActionsSample\SmartActionsSample.csproj", "{7BC945DC-15FB-4B11-93CB-3E3BA89679B8}"
EndProject
Project("{FAE04EC0-301F-11D3-BF4B-00C04F79EFBC}") = "ComposeReducers", "ComposeReducers\ComposeReducers.csproj", "{156734C8-F721-4240-97D8-A04BC48B77C5}"
EndProject
Project("{2150E333-8FDC-42A3-9474-1A3956D46DE8}") = "todoforms", "todoforms", "{14BEA4F5-5B3F-4D7F-B8C6-8553769BE35D}"
EndProject
Project("{FAE04EC0-301F-11D3-BF4B-00C04F79EFBC}") = "todoforms", "todoforms\todoforms\todoforms.csproj", "{94FC2054-61A3-4413-9537-84A73183B259}"
EndProject
Project("{FAE04EC0-301F-11D3-BF4B-00C04F79EFBC}") = "todoforms.iOS", "todoforms\iOS\todoforms.iOS.csproj", "{0DC78A26-A107-419E-B1EA-D4FA47431012}"
EndProject
Project("{FAE04EC0-301F-11D3-BF4B-00C04F79EFBC}") = "todoforms.Droid", "todoforms\Droid\todoforms.Droid.csproj", "{7571560A-D091-4058-991C-2907A6E1339D}"
EndProject
Project("{2150E333-8FDC-42A3-9474-1A3956D46DE8}") = "counterforms", "counterforms", "{2A64B006-1918-4F0B-93CF-F76264176366}"
EndProject
Project("{FAE04EC0-301F-11D3-BF4B-00C04F79EFBC}") = "counterforms", "counterforms\counterforms\counterforms.csproj", "{71E5421D-D661-4589-A294-7C86CA284543}"
EndProject
Project("{FAE04EC0-301F-11D3-BF4B-00C04F79EFBC}") = "counterforms.iOS", "counterforms\iOS\counterforms.iOS.csproj", "{B8187215-5B16-4542-9B05-4256F70D138A}"
EndProject
Project("{FAE04EC0-301F-11D3-BF4B-00C04F79EFBC}") = "counterforms.Droid", "counterforms\Droid\counterforms.Droid.csproj", "{411ABD2D-9FF0-410F-BFF0-F39A09FDCBD6}"
EndProject
Global
	GlobalSection(SolutionConfigurationPlatforms) = preSolution
		Debug|Any CPU = Debug|Any CPU
		Release|Any CPU = Release|Any CPU
		Debug|iPhoneSimulator = Debug|iPhoneSimulator
		Release|iPhone = Release|iPhone
		Release|iPhoneSimulator = Release|iPhoneSimulator
		Debug|iPhone = Debug|iPhone
	EndGlobalSection
	GlobalSection(ProjectConfigurationPlatforms) = postSolution
		{06E0D104-4721-48B3-B20C-68870B57D12A}.Debug|Any CPU.ActiveCfg = Debug|Any CPU
		{06E0D104-4721-48B3-B20C-68870B57D12A}.Debug|Any CPU.Build.0 = Debug|Any CPU
		{06E0D104-4721-48B3-B20C-68870B57D12A}.Release|Any CPU.ActiveCfg = Release|Any CPU
		{06E0D104-4721-48B3-B20C-68870B57D12A}.Release|Any CPU.Build.0 = Release|Any CPU
		{06E0D104-4721-48B3-B20C-68870B57D12A}.Debug|iPhoneSimulator.ActiveCfg = Debug|Any CPU
		{06E0D104-4721-48B3-B20C-68870B57D12A}.Debug|iPhoneSimulator.Build.0 = Debug|Any CPU
		{06E0D104-4721-48B3-B20C-68870B57D12A}.Release|iPhone.ActiveCfg = Release|Any CPU
		{06E0D104-4721-48B3-B20C-68870B57D12A}.Release|iPhone.Build.0 = Release|Any CPU
		{06E0D104-4721-48B3-B20C-68870B57D12A}.Release|iPhoneSimulator.ActiveCfg = Release|Any CPU
		{06E0D104-4721-48B3-B20C-68870B57D12A}.Release|iPhoneSimulator.Build.0 = Release|Any CPU
		{06E0D104-4721-48B3-B20C-68870B57D12A}.Debug|iPhone.ActiveCfg = Debug|Any CPU
		{06E0D104-4721-48B3-B20C-68870B57D12A}.Debug|iPhone.Build.0 = Debug|Any CPU
		{156734C8-F721-4240-97D8-A04BC48B77C5}.Debug|Any CPU.ActiveCfg = Debug|Any CPU
		{156734C8-F721-4240-97D8-A04BC48B77C5}.Debug|Any CPU.Build.0 = Debug|Any CPU
		{156734C8-F721-4240-97D8-A04BC48B77C5}.Release|Any CPU.ActiveCfg = Release|Any CPU
		{156734C8-F721-4240-97D8-A04BC48B77C5}.Release|Any CPU.Build.0 = Release|Any CPU
		{156734C8-F721-4240-97D8-A04BC48B77C5}.Debug|iPhoneSimulator.ActiveCfg = Debug|Any CPU
		{156734C8-F721-4240-97D8-A04BC48B77C5}.Debug|iPhoneSimulator.Build.0 = Debug|Any CPU
		{156734C8-F721-4240-97D8-A04BC48B77C5}.Release|iPhone.ActiveCfg = Release|Any CPU
		{156734C8-F721-4240-97D8-A04BC48B77C5}.Release|iPhone.Build.0 = Release|Any CPU
		{156734C8-F721-4240-97D8-A04BC48B77C5}.Release|iPhoneSimulator.ActiveCfg = Release|Any CPU
		{156734C8-F721-4240-97D8-A04BC48B77C5}.Release|iPhoneSimulator.Build.0 = Release|Any CPU
		{156734C8-F721-4240-97D8-A04BC48B77C5}.Debug|iPhone.ActiveCfg = Debug|Any CPU
		{156734C8-F721-4240-97D8-A04BC48B77C5}.Debug|iPhone.Build.0 = Debug|Any CPU
		{19A520B5-C628-45BF-90C4-103DA1EA2D93}.Debug|Any CPU.ActiveCfg = Debug|Any CPU
		{19A520B5-C628-45BF-90C4-103DA1EA2D93}.Debug|Any CPU.Build.0 = Debug|Any CPU
		{19A520B5-C628-45BF-90C4-103DA1EA2D93}.Release|Any CPU.ActiveCfg = Release|Any CPU
		{19A520B5-C628-45BF-90C4-103DA1EA2D93}.Release|Any CPU.Build.0 = Release|Any CPU
		{19A520B5-C628-45BF-90C4-103DA1EA2D93}.Debug|iPhoneSimulator.ActiveCfg = Debug|Any CPU
		{19A520B5-C628-45BF-90C4-103DA1EA2D93}.Debug|iPhoneSimulator.Build.0 = Debug|Any CPU
		{19A520B5-C628-45BF-90C4-103DA1EA2D93}.Release|iPhone.ActiveCfg = Release|Any CPU
		{19A520B5-C628-45BF-90C4-103DA1EA2D93}.Release|iPhone.Build.0 = Release|Any CPU
		{19A520B5-C628-45BF-90C4-103DA1EA2D93}.Release|iPhoneSimulator.ActiveCfg = Release|Any CPU
		{19A520B5-C628-45BF-90C4-103DA1EA2D93}.Release|iPhoneSimulator.Build.0 = Release|Any CPU
		{19A520B5-C628-45BF-90C4-103DA1EA2D93}.Debug|iPhone.ActiveCfg = Debug|Any CPU
		{19A520B5-C628-45BF-90C4-103DA1EA2D93}.Debug|iPhone.Build.0 = Debug|Any CPU
		{2712A0C5-6FD5-4BB4-8EF1-54DDD83B4D95}.Debug|Any CPU.ActiveCfg = Debug|Any CPU
		{2712A0C5-6FD5-4BB4-8EF1-54DDD83B4D95}.Debug|Any CPU.Build.0 = Debug|Any CPU
		{2712A0C5-6FD5-4BB4-8EF1-54DDD83B4D95}.Release|Any CPU.ActiveCfg = Release|Any CPU
		{2712A0C5-6FD5-4BB4-8EF1-54DDD83B4D95}.Release|Any CPU.Build.0 = Release|Any CPU
		{2712A0C5-6FD5-4BB4-8EF1-54DDD83B4D95}.Debug|iPhoneSimulator.ActiveCfg = Debug|Any CPU
		{2712A0C5-6FD5-4BB4-8EF1-54DDD83B4D95}.Debug|iPhoneSimulator.Build.0 = Debug|Any CPU
		{2712A0C5-6FD5-4BB4-8EF1-54DDD83B4D95}.Release|iPhone.ActiveCfg = Release|Any CPU
		{2712A0C5-6FD5-4BB4-8EF1-54DDD83B4D95}.Release|iPhone.Build.0 = Release|Any CPU
		{2712A0C5-6FD5-4BB4-8EF1-54DDD83B4D95}.Release|iPhoneSimulator.ActiveCfg = Release|Any CPU
		{2712A0C5-6FD5-4BB4-8EF1-54DDD83B4D95}.Release|iPhoneSimulator.Build.0 = Release|Any CPU
		{2712A0C5-6FD5-4BB4-8EF1-54DDD83B4D95}.Debug|iPhone.ActiveCfg = Debug|Any CPU
		{2712A0C5-6FD5-4BB4-8EF1-54DDD83B4D95}.Debug|iPhone.Build.0 = Debug|Any CPU
		{7BC945DC-15FB-4B11-93CB-3E3BA89679B8}.Debug|Any CPU.ActiveCfg = Debug|Any CPU
		{7BC945DC-15FB-4B11-93CB-3E3BA89679B8}.Debug|Any CPU.Build.0 = Debug|Any CPU
		{7BC945DC-15FB-4B11-93CB-3E3BA89679B8}.Release|Any CPU.ActiveCfg = Release|Any CPU
		{7BC945DC-15FB-4B11-93CB-3E3BA89679B8}.Release|Any CPU.Build.0 = Release|Any CPU
		{7BC945DC-15FB-4B11-93CB-3E3BA89679B8}.Debug|iPhoneSimulator.ActiveCfg = Debug|Any CPU
		{7BC945DC-15FB-4B11-93CB-3E3BA89679B8}.Debug|iPhoneSimulator.Build.0 = Debug|Any CPU
		{7BC945DC-15FB-4B11-93CB-3E3BA89679B8}.Release|iPhone.ActiveCfg = Release|Any CPU
		{7BC945DC-15FB-4B11-93CB-3E3BA89679B8}.Release|iPhone.Build.0 = Release|Any CPU
		{7BC945DC-15FB-4B11-93CB-3E3BA89679B8}.Release|iPhoneSimulator.ActiveCfg = Release|Any CPU
		{7BC945DC-15FB-4B11-93CB-3E3BA89679B8}.Release|iPhoneSimulator.Build.0 = Release|Any CPU
		{7BC945DC-15FB-4B11-93CB-3E3BA89679B8}.Debug|iPhone.ActiveCfg = Debug|Any CPU
		{7BC945DC-15FB-4B11-93CB-3E3BA89679B8}.Debug|iPhone.Build.0 = Debug|Any CPU
		{9798BB2F-C023-4466-9FC3-DB1AE41E09E1}.Debug|Any CPU.ActiveCfg = Debug|Any CPU
		{9798BB2F-C023-4466-9FC3-DB1AE41E09E1}.Debug|Any CPU.Build.0 = Debug|Any CPU
		{9798BB2F-C023-4466-9FC3-DB1AE41E09E1}.Release|Any CPU.ActiveCfg = Release|Any CPU
		{9798BB2F-C023-4466-9FC3-DB1AE41E09E1}.Release|Any CPU.Build.0 = Release|Any CPU
		{9798BB2F-C023-4466-9FC3-DB1AE41E09E1}.Debug|iPhoneSimulator.ActiveCfg = Debug|Any CPU
		{9798BB2F-C023-4466-9FC3-DB1AE41E09E1}.Debug|iPhoneSimulator.Build.0 = Debug|Any CPU
		{9798BB2F-C023-4466-9FC3-DB1AE41E09E1}.Release|iPhone.ActiveCfg = Release|Any CPU
		{9798BB2F-C023-4466-9FC3-DB1AE41E09E1}.Release|iPhone.Build.0 = Release|Any CPU
		{9798BB2F-C023-4466-9FC3-DB1AE41E09E1}.Release|iPhoneSimulator.ActiveCfg = Release|Any CPU
		{9798BB2F-C023-4466-9FC3-DB1AE41E09E1}.Release|iPhoneSimulator.Build.0 = Release|Any CPU
		{9798BB2F-C023-4466-9FC3-DB1AE41E09E1}.Debug|iPhone.ActiveCfg = Debug|Any CPU
		{9798BB2F-C023-4466-9FC3-DB1AE41E09E1}.Debug|iPhone.Build.0 = Debug|Any CPU
		{94FC2054-61A3-4413-9537-84A73183B259}.Debug|Any CPU.ActiveCfg = Debug|Any CPU
		{94FC2054-61A3-4413-9537-84A73183B259}.Debug|Any CPU.Build.0 = Debug|Any CPU
		{94FC2054-61A3-4413-9537-84A73183B259}.Release|Any CPU.ActiveCfg = Release|Any CPU
		{94FC2054-61A3-4413-9537-84A73183B259}.Release|Any CPU.Build.0 = Release|Any CPU
		{94FC2054-61A3-4413-9537-84A73183B259}.Debug|iPhoneSimulator.ActiveCfg = Debug|Any CPU
		{94FC2054-61A3-4413-9537-84A73183B259}.Debug|iPhoneSimulator.Build.0 = Debug|Any CPU
		{94FC2054-61A3-4413-9537-84A73183B259}.Release|iPhone.ActiveCfg = Release|Any CPU
		{94FC2054-61A3-4413-9537-84A73183B259}.Release|iPhone.Build.0 = Release|Any CPU
		{94FC2054-61A3-4413-9537-84A73183B259}.Release|iPhoneSimulator.ActiveCfg = Release|Any CPU
		{94FC2054-61A3-4413-9537-84A73183B259}.Release|iPhoneSimulator.Build.0 = Release|Any CPU
		{94FC2054-61A3-4413-9537-84A73183B259}.Debug|iPhone.ActiveCfg = Debug|Any CPU
		{94FC2054-61A3-4413-9537-84A73183B259}.Debug|iPhone.Build.0 = Debug|Any CPU
		{0DC78A26-A107-419E-B1EA-D4FA47431012}.Debug|Any CPU.ActiveCfg = Debug|iPhoneSimulator
		{0DC78A26-A107-419E-B1EA-D4FA47431012}.Debug|Any CPU.Build.0 = Debug|iPhoneSimulator
		{0DC78A26-A107-419E-B1EA-D4FA47431012}.Release|Any CPU.ActiveCfg = Release|iPhone
		{0DC78A26-A107-419E-B1EA-D4FA47431012}.Release|Any CPU.Build.0 = Release|iPhone
		{0DC78A26-A107-419E-B1EA-D4FA47431012}.Debug|iPhoneSimulator.ActiveCfg = Debug|iPhoneSimulator
		{0DC78A26-A107-419E-B1EA-D4FA47431012}.Debug|iPhoneSimulator.Build.0 = Debug|iPhoneSimulator
		{0DC78A26-A107-419E-B1EA-D4FA47431012}.Release|iPhone.ActiveCfg = Release|iPhone
		{0DC78A26-A107-419E-B1EA-D4FA47431012}.Release|iPhone.Build.0 = Release|iPhone
		{0DC78A26-A107-419E-B1EA-D4FA47431012}.Release|iPhoneSimulator.ActiveCfg = Release|iPhoneSimulator
		{0DC78A26-A107-419E-B1EA-D4FA47431012}.Release|iPhoneSimulator.Build.0 = Release|iPhoneSimulator
		{0DC78A26-A107-419E-B1EA-D4FA47431012}.Debug|iPhone.ActiveCfg = Debug|iPhone
		{0DC78A26-A107-419E-B1EA-D4FA47431012}.Debug|iPhone.Build.0 = Debug|iPhone
		{7571560A-D091-4058-991C-2907A6E1339D}.Debug|Any CPU.ActiveCfg = Debug|Any CPU
		{7571560A-D091-4058-991C-2907A6E1339D}.Debug|Any CPU.Build.0 = Debug|Any CPU
		{7571560A-D091-4058-991C-2907A6E1339D}.Release|Any CPU.ActiveCfg = Release|Any CPU
		{7571560A-D091-4058-991C-2907A6E1339D}.Release|Any CPU.Build.0 = Release|Any CPU
		{7571560A-D091-4058-991C-2907A6E1339D}.Debug|iPhoneSimulator.ActiveCfg = Debug|Any CPU
		{7571560A-D091-4058-991C-2907A6E1339D}.Debug|iPhoneSimulator.Build.0 = Debug|Any CPU
		{7571560A-D091-4058-991C-2907A6E1339D}.Release|iPhone.ActiveCfg = Release|Any CPU
		{7571560A-D091-4058-991C-2907A6E1339D}.Release|iPhone.Build.0 = Release|Any CPU
		{7571560A-D091-4058-991C-2907A6E1339D}.Release|iPhoneSimulator.ActiveCfg = Release|Any CPU
		{7571560A-D091-4058-991C-2907A6E1339D}.Release|iPhoneSimulator.Build.0 = Release|Any CPU
		{7571560A-D091-4058-991C-2907A6E1339D}.Debug|iPhone.ActiveCfg = Debug|Any CPU
		{7571560A-D091-4058-991C-2907A6E1339D}.Debug|iPhone.Build.0 = Debug|Any CPU
		{71E5421D-D661-4589-A294-7C86CA284543}.Debug|Any CPU.ActiveCfg = Debug|Any CPU
		{71E5421D-D661-4589-A294-7C86CA284543}.Debug|Any CPU.Build.0 = Debug|Any CPU
		{71E5421D-D661-4589-A294-7C86CA284543}.Release|Any CPU.ActiveCfg = Release|Any CPU
		{71E5421D-D661-4589-A294-7C86CA284543}.Release|Any CPU.Build.0 = Release|Any CPU
		{71E5421D-D661-4589-A294-7C86CA284543}.Debug|iPhoneSimulator.ActiveCfg = Debug|Any CPU
		{71E5421D-D661-4589-A294-7C86CA284543}.Debug|iPhoneSimulator.Build.0 = Debug|Any CPU
		{71E5421D-D661-4589-A294-7C86CA284543}.Release|iPhone.ActiveCfg = Release|Any CPU
		{71E5421D-D661-4589-A294-7C86CA284543}.Release|iPhone.Build.0 = Release|Any CPU
		{71E5421D-D661-4589-A294-7C86CA284543}.Release|iPhoneSimulator.ActiveCfg = Release|Any CPU
		{71E5421D-D661-4589-A294-7C86CA284543}.Release|iPhoneSimulator.Build.0 = Release|Any CPU
		{71E5421D-D661-4589-A294-7C86CA284543}.Debug|iPhone.ActiveCfg = Debug|Any CPU
		{71E5421D-D661-4589-A294-7C86CA284543}.Debug|iPhone.Build.0 = Debug|Any CPU
		{B8187215-5B16-4542-9B05-4256F70D138A}.Debug|Any CPU.ActiveCfg = Debug|iPhoneSimulator
		{B8187215-5B16-4542-9B05-4256F70D138A}.Debug|Any CPU.Build.0 = Debug|iPhoneSimulator
		{B8187215-5B16-4542-9B05-4256F70D138A}.Release|Any CPU.ActiveCfg = Release|iPhone
		{B8187215-5B16-4542-9B05-4256F70D138A}.Release|Any CPU.Build.0 = Release|iPhone
		{B8187215-5B16-4542-9B05-4256F70D138A}.Debug|iPhoneSimulator.ActiveCfg = Debug|iPhoneSimulator
		{B8187215-5B16-4542-9B05-4256F70D138A}.Debug|iPhoneSimulator.Build.0 = Debug|iPhoneSimulator
		{B8187215-5B16-4542-9B05-4256F70D138A}.Release|iPhone.ActiveCfg = Release|iPhone
		{B8187215-5B16-4542-9B05-4256F70D138A}.Release|iPhone.Build.0 = Release|iPhone
		{B8187215-5B16-4542-9B05-4256F70D138A}.Release|iPhoneSimulator.ActiveCfg = Release|iPhoneSimulator
		{B8187215-5B16-4542-9B05-4256F70D138A}.Release|iPhoneSimulator.Build.0 = Release|iPhoneSimulator
		{B8187215-5B16-4542-9B05-4256F70D138A}.Debug|iPhone.ActiveCfg = Debug|iPhone
		{B8187215-5B16-4542-9B05-4256F70D138A}.Debug|iPhone.Build.0 = Debug|iPhone
		{411ABD2D-9FF0-410F-BFF0-F39A09FDCBD6}.Debug|Any CPU.ActiveCfg = Debug|Any CPU
		{411ABD2D-9FF0-410F-BFF0-F39A09FDCBD6}.Debug|Any CPU.Build.0 = Debug|Any CPU
		{411ABD2D-9FF0-410F-BFF0-F39A09FDCBD6}.Release|Any CPU.ActiveCfg = Release|Any CPU
		{411ABD2D-9FF0-410F-BFF0-F39A09FDCBD6}.Release|Any CPU.Build.0 = Release|Any CPU
		{411ABD2D-9FF0-410F-BFF0-F39A09FDCBD6}.Debug|iPhoneSimulator.ActiveCfg = Debug|Any CPU
		{411ABD2D-9FF0-410F-BFF0-F39A09FDCBD6}.Debug|iPhoneSimulator.Build.0 = Debug|Any CPU
		{411ABD2D-9FF0-410F-BFF0-F39A09FDCBD6}.Release|iPhone.ActiveCfg = Release|Any CPU
		{411ABD2D-9FF0-410F-BFF0-F39A09FDCBD6}.Release|iPhone.Build.0 = Release|Any CPU
		{411ABD2D-9FF0-410F-BFF0-F39A09FDCBD6}.Release|iPhoneSimulator.ActiveCfg = Release|Any CPU
		{411ABD2D-9FF0-410F-BFF0-F39A09FDCBD6}.Release|iPhoneSimulator.Build.0 = Release|Any CPU
		{411ABD2D-9FF0-410F-BFF0-F39A09FDCBD6}.Debug|iPhone.ActiveCfg = Debug|Any CPU
		{411ABD2D-9FF0-410F-BFF0-F39A09FDCBD6}.Debug|iPhone.Build.0 = Debug|Any CPU
	EndGlobalSection
	GlobalSection(NestedProjects) = preSolution
		{9798BB2F-C023-4466-9FC3-DB1AE41E09E1} = {97138923-6E16-48AD-81D6-6F2AE3B13833}
		{94FC2054-61A3-4413-9537-84A73183B259} = {14BEA4F5-5B3F-4D7F-B8C6-8553769BE35D}
		{0DC78A26-A107-419E-B1EA-D4FA47431012} = {14BEA4F5-5B3F-4D7F-B8C6-8553769BE35D}
		{7571560A-D091-4058-991C-2907A6E1339D} = {14BEA4F5-5B3F-4D7F-B8C6-8553769BE35D}
		{71E5421D-D661-4589-A294-7C86CA284543} = {2A64B006-1918-4F0B-93CF-F76264176366}
		{B8187215-5B16-4542-9B05-4256F70D138A} = {2A64B006-1918-4F0B-93CF-F76264176366}
		{411ABD2D-9FF0-410F-BFF0-F39A09FDCBD6} = {2A64B006-1918-4F0B-93CF-F76264176366}
	EndGlobalSection
EndGlobal
